# This file is automatically @generated by Cargo.
# It is not intended for manual editing.
version = 3

[[package]]
name = "atplt-project"
version = "0.1.0"
dependencies = [
 "itertools",
 "roaring",
]

[[package]]
name = "bytemuck"
version = "1.14.0"
source = "registry+https://github.com/rust-lang/crates.io-index"
checksum = "374d28ec25809ee0e23827c2ab573d729e293f281dfe393500e7ad618baa61c6"

[[package]]
name = "byteorder"
version = "1.5.0"
source = "registry+https://github.com/rust-lang/crates.io-index"
checksum = "1fd0f2584146f6f2ef48085050886acf353beff7305ebd1ae69500e27c67f64b"

[[package]]
name = "either"
version = "1.9.0"
source = "registry+https://github.com/rust-lang/crates.io-index"
checksum = "a26ae43d7bcc3b814de94796a5e736d4029efb0ee900c12e2d54c993ad1a1e07"

[[package]]
name = "itertools"
version = "0.12.0"
source = "registry+https://github.com/rust-lang/crates.io-index"
checksum = "25db6b064527c5d482d0423354fcd07a89a2dfe07b67892e62411946db7f07b0"
dependencies = [
 "either",
]

[[package]]
name = "retain_mut"
version = "0.1.7"
source = "registry+https://github.com/rust-lang/crates.io-index"
checksum = "8c31b5c4033f8fdde8700e4657be2c497e7288f01515be52168c631e2e4d4086"

[[package]]
name = "roaring"
version = "0.10.2"
source = "registry+https://github.com/rust-lang/crates.io-index"
checksum = "6106b5cf8587f5834158895e9715a3c6c9716c8aefab57f1f7680917191c7873"
dependencies = [
 "bytemuck",
 "byteorder",
 "retain_mut",
]
